{
	"name": "minify-selectors",
	"version": "FIXME_VERSION",
	"lockfileVersion": 3,
	"requires": true,
	"packages": {
		"": {
			"name": "minify-selectors",
			"version": "FIXME_VERSION",
			"license": "Apache-2.0",
			"optionalDependencies": {
				"@minify-selectors/darwin-64": "FIXME_VERSION",
				"@minify-selectors/darwin-arm64": "FIXME_VERSION",
				"@minify-selectors/linux-32": "FIXME_VERSION",
				"@minify-selectors/linux-64": "FIXME_VERSION",
				"@minify-selectors/linux-arm64": "FIXME_VERSION",
				"@minify-selectors/windows-32": "FIXME_VERSION",
				"@minify-selectors/windows-64": "FIXME_VERSION"
			}
		}
	}
}
